
Microsoft Visual Studio Solution File, Format Version 12.00
# Visual Studio Version 17
VisualStudioVersion = 17.0.31903.59
MinimumVisualStudioVersion = 10.0.40219.1
Project("{FAE04EC0-301F-11D3-BF4B-00C04F79EFBC}") = "Fortix.Core", "Fortix.Core\Fortix.Core.csproj", "{B0FD9895-0301-400E-B2D7-F4D7D162FFFC}"
EndProject
Project("{FAE04EC0-301F-11D3-BF4B-00C04F79EFBC}") = "Fortix.Core.Tests", "Fortix.Core.Tests\Fortix.Core.Tests.csproj", "{26C829DB-D954-4534-AA6A-23A321853C98}"
EndProject
Project("{FAE04EC0-301F-11D3-BF4B-00C04F79EFBC}") = "Fortix.App", "Fortix.App\Fortix.App.csproj", "{683BF083-D5A8-4947-9659-AAED192942D5}"
EndProject
Project("{FAE04EC0-301F-11D3-BF4B-00C04F79EFBC}") = "Fortix.App.Tests", "Fortix.App.Tests\Fortix.App.Tests.csproj", "{70124D51-CED9-44A4-B98D-A79179E0591A}"
EndProject
Global
	GlobalSection(SolutionConfigurationPlatforms) = preSolution
		Debug|Any CPU = Debug|Any CPU
		Debug|x64 = Debug|x64
		Debug|x86 = Debug|x86
		Release|Any CPU = Release|Any CPU
		Release|x64 = Release|x64
		Release|x86 = Release|x86
	EndGlobalSection
	GlobalSection(ProjectConfigurationPlatforms) = postSolution
		{B0FD9895-0301-400E-B2D7-F4D7D162FFFC}.Debug|Any CPU.ActiveCfg = Debug|Any CPU
		{B0FD9895-0301-400E-B2D7-F4D7D162FFFC}.Debug|Any CPU.Build.0 = Debug|Any CPU
		{B0FD9895-0301-400E-B2D7-F4D7D162FFFC}.Debug|x64.ActiveCfg = Debug|Any CPU
		{B0FD9895-0301-400E-B2D7-F4D7D162FFFC}.Debug|x64.Build.0 = Debug|Any CPU
		{B0FD9895-0301-400E-B2D7-F4D7D162FFFC}.Debug|x86.ActiveCfg = Debug|Any CPU
		{B0FD9895-0301-400E-B2D7-F4D7D162FFFC}.Debug|x86.Build.0 = Debug|Any CPU
		{B0FD9895-0301-400E-B2D7-F4D7D162FFFC}.Release|Any CPU.ActiveCfg = Release|Any CPU
		{B0FD9895-0301-400E-B2D7-F4D7D162FFFC}.Release|Any CPU.Build.0 = Release|Any CPU
		{B0FD9895-0301-400E-B2D7-F4D7D162FFFC}.Release|x64.ActiveCfg = Release|Any CPU
		{B0FD9895-0301-400E-B2D7-F4D7D162FFFC}.Release|x64.Build.0 = Release|Any CPU
		{B0FD9895-0301-400E-B2D7-F4D7D162FFFC}.Release|x86.ActiveCfg = Release|Any CPU
		{B0FD9895-0301-400E-B2D7-F4D7D162FFFC}.Release|x86.Build.0 = Release|Any CPU
		{26C829DB-D954-4534-AA6A-23A321853C98}.Debug|Any CPU.ActiveCfg = Debug|Any CPU
		{26C829DB-D954-4534-AA6A-23A321853C98}.Debug|Any CPU.Build.0 = Debug|Any CPU
		{26C829DB-D954-4534-AA6A-23A321853C98}.Debug|x64.ActiveCfg = Debug|Any CPU
		{26C829DB-D954-4534-AA6A-23A321853C98}.Debug|x64.Build.0 = Debug|Any CPU
		{26C829DB-D954-4534-AA6A-23A321853C98}.Debug|x86.ActiveCfg = Debug|Any CPU
		{26C829DB-D954-4534-AA6A-23A321853C98}.Debug|x86.Build.0 = Debug|Any CPU
		{26C829DB-D954-4534-AA6A-23A321853C98}.Release|Any CPU.ActiveCfg = Release|Any CPU
		{26C829DB-D954-4534-AA6A-23A321853C98}.Release|Any CPU.Build.0 = Release|Any CPU
		{26C829DB-D954-4534-AA6A-23A321853C98}.Release|x64.ActiveCfg = Release|Any CPU
		{26C829DB-D954-4534-AA6A-23A321853C98}.Release|x64.Build.0 = Release|Any CPU
		{26C829DB-D954-4534-AA6A-23A321853C98}.Release|x86.ActiveCfg = Release|Any CPU
		{26C829DB-D954-4534-AA6A-23A321853C98}.Release|x86.Build.0 = Release|Any CPU
		{683BF083-D5A8-4947-9659-AAED192942D5}.Debug|Any CPU.ActiveCfg = Debug|Any CPU
		{683BF083-D5A8-4947-9659-AAED192942D5}.Debug|Any CPU.Build.0 = Debug|Any CPU
		{683BF083-D5A8-4947-9659-AAED192942D5}.Debug|x64.ActiveCfg = Debug|Any CPU
		{683BF083-D5A8-4947-9659-AAED192942D5}.Debug|x64.Build.0 = Debug|Any CPU
		{683BF083-D5A8-4947-9659-AAED192942D5}.Debug|x86.ActiveCfg = Debug|Any CPU
		{683BF083-D5A8-4947-9659-AAED192942D5}.Debug|x86.Build.0 = Debug|Any CPU
		{683BF083-D5A8-4947-9659-AAED192942D5}.Release|Any CPU.ActiveCfg = Release|Any CPU
		{683BF083-D5A8-4947-9659-AAED192942D5}.Release|Any CPU.Build.0 = Release|Any CPU
		{683BF083-D5A8-4947-9659-AAED192942D5}.Release|x64.ActiveCfg = Release|Any CPU
		{683BF083-D5A8-4947-9659-AAED192942D5}.Release|x64.Build.0 = Release|Any CPU
		{683BF083-D5A8-4947-9659-AAED192942D5}.Release|x86.ActiveCfg = Release|Any CPU
		{683BF083-D5A8-4947-9659-AAED192942D5}.Release|x86.Build.0 = Release|Any CPU
		{70124D51-CED9-44A4-B98D-A79179E0591A}.Debug|Any CPU.ActiveCfg = Debug|Any CPU
		{70124D51-CED9-44A4-B98D-A79179E0591A}.Debug|Any CPU.Build.0 = Debug|Any CPU
		{70124D51-CED9-44A4-B98D-A79179E0591A}.Debug|x64.ActiveCfg = Debug|Any CPU
		{70124D51-CED9-44A4-B98D-A79179E0591A}.Debug|x64.Build.0 = Debug|Any CPU
		{70124D51-CED9-44A4-B98D-A79179E0591A}.Debug|x86.ActiveCfg = Debug|Any CPU
		{70124D51-CED9-44A4-B98D-A79179E0591A}.Debug|x86.Build.0 = Debug|Any CPU
		{70124D51-CED9-44A4-B98D-A79179E0591A}.Release|Any CPU.ActiveCfg = Release|Any CPU
		{70124D51-CED9-44A4-B98D-A79179E0591A}.Release|Any CPU.Build.0 = Release|Any CPU
		{70124D51-CED9-44A4-B98D-A79179E0591A}.Release|x64.ActiveCfg = Release|Any CPU
		{70124D51-CED9-44A4-B98D-A79179E0591A}.Release|x64.Build.0 = Release|Any CPU
		{70124D51-CED9-44A4-B98D-A79179E0591A}.Release|x86.ActiveCfg = Release|Any CPU
		{70124D51-CED9-44A4-B98D-A79179E0591A}.Release|x86.Build.0 = Release|Any CPU
	EndGlobalSection
	GlobalSection(SolutionProperties) = preSolution
		HideSolutionNode = FALSE
	EndGlobalSection
EndGlobal
